
Microsoft Visual Studio Solution File, Format Version 12.00
# Visual Studio Version 17
VisualStudioVersion = 17.6.33829.357
MinimumVisualStudioVersion = 10.0.40219.1
Project("{FAE04EC0-301F-11D3-BF4B-00C04F79EFBC}") = "Specification", "Specification\Specification.csproj", "{FD365C4C-E8DB-467F-B590-A0FC9BA4182D}"
EndProject
Project("{FAE04EC0-301F-11D3-BF4B-00C04F79EFBC}") = "PasswordAuthenticator", "PasswordAuthenticator\PasswordAuthenticator.csproj", "{840CE7EE-2D15-4052-B3A5-605F747098A8}"
EndProject
Global
	GlobalSection(SolutionConfigurationPlatforms) = preSolution
		Debug|Any CPU = Debug|Any CPU
		Release|Any CPU = Release|Any CPU
	EndGlobalSection
	GlobalSection(ProjectConfigurationPlatforms) = postSolution
		{FD365C4C-E8DB-467F-B590-A0FC9BA4182D}.Debug|Any CPU.ActiveCfg = Debug|Any CPU
		{FD365C4C-E8DB-467F-B590-A0FC9BA4182D}.Debug|Any CPU.Build.0 = Debug|Any CPU
		{FD365C4C-E8DB-467F-B590-A0FC9BA4182D}.Release|Any CPU.ActiveCfg = Release|Any CPU
		{FD365C4C-E8DB-467F-B590-A0FC9BA4182D}.Release|Any CPU.Build.0 = Release|Any CPU
		{840CE7EE-2D15-4052-B3A5-605F747098A8}.Debug|Any CPU.ActiveCfg = Debug|Any CPU
		{840CE7EE-2D15-4052-B3A5-605F747098A8}.Debug|Any CPU.Build.0 = Debug|Any CPU
		{840CE7EE-2D15-4052-B3A5-605F747098A8}.Release|Any CPU.ActiveCfg = Release|Any CPU
		{840CE7EE-2D15-4052-B3A5-605F747098A8}.Release|Any CPU.Build.0 = Release|Any CPU
	EndGlobalSection
	GlobalSection(SolutionProperties) = preSolution
		HideSolutionNode = FALSE
	EndGlobalSection
	GlobalSection(ExtensibilityGlobals) = postSolution
		SolutionGuid = {FC5A50C0-C6D0-4526-A0B2-1A7C4D9BFA74}
	EndGlobalSection
EndGlobal
